
Microsoft Visual Studio Solution File, Format Version 11.00
# Visual Studio 2010
Project("{FAE04EC0-301F-11D3-BF4B-00C04F79EFBC}") = "ACT", "Assembly-CSharp.csproj", "{AC3E0724-B9D7-BE84-EB1E-36DC46AD5DCA}"
EndProject
Project("{FAE04EC0-301F-11D3-BF4B-00C04F79EFBC}") = "ACT", "Assembly-CSharp-Editor.csproj", "{3BB32C34-BE26-87F4-704A-F2FFD6FBF42E}"
EndProject
Global
	GlobalSection(SolutionConfigurationPlatforms) = preSolution
		Debug|Any CPU = Debug|Any CPU
		Release|Any CPU = Release|Any CPU
	EndGlobalSection
	GlobalSection(ProjectConfigurationPlatforms) = postSolution
		{AC3E0724-B9D7-BE84-EB1E-36DC46AD5DCA}.Debug|Any CPU.ActiveCfg = Debug|Any CPU
		{AC3E0724-B9D7-BE84-EB1E-36DC46AD5DCA}.Debug|Any CPU.Build.0 = Debug|Any CPU
		{AC3E0724-B9D7-BE84-EB1E-36DC46AD5DCA}.Release|Any CPU.ActiveCfg = Release|Any CPU
		{AC3E0724-B9D7-BE84-EB1E-36DC46AD5DCA}.Release|Any CPU.Build.0 = Release|Any CPU
		{3BB32C34-BE26-87F4-704A-F2FFD6FBF42E}.Debug|Any CPU.ActiveCfg = Debug|Any CPU
		{3BB32C34-BE26-87F4-704A-F2FFD6FBF42E}.Debug|Any CPU.Build.0 = Debug|Any CPU
		{3BB32C34-BE26-87F4-704A-F2FFD6FBF42E}.Release|Any CPU.ActiveCfg = Release|Any CPU
		{3BB32C34-BE26-87F4-704A-F2FFD6FBF42E}.Release|Any CPU.Build.0 = Release|Any CPU
	EndGlobalSection
	GlobalSection(SolutionProperties) = preSolution
		HideSolutionNode = FALSE
	EndGlobalSection
	GlobalSection(MonoDevelopProperties) = preSolution
		StartupItem = Assembly-CSharp.csproj
	EndGlobalSection
EndGlobal
